
Microsoft Visual Studio Solution File, Format Version 12.00
# Visual Studio Version 17
VisualStudioVersion = 17.14.36511.14 d17.14
MinimumVisualStudioVersion = 10.0.40219.1
Project("{FAE04EC0-301F-11D3-BF4B-00C04F79EFBC}") = "EcommerceBookUI", "EcommerceBookUI\EcommerceBookUI.csproj", "{DC5FE502-87FC-49D4-AA16-77FAA0BA8A1A}"
EndProject
Global
	GlobalSection(SolutionConfigurationPlatforms) = preSolution
		Debug|Any CPU = Debug|Any CPU
		Release|Any CPU = Release|Any CPU
	EndGlobalSection
	GlobalSection(ProjectConfigurationPlatforms) = postSolution
		{DC5FE502-87FC-49D4-AA16-77FAA0BA8A1A}.Debug|Any CPU.ActiveCfg = Debug|Any CPU
		{DC5FE502-87FC-49D4-AA16-77FAA0BA8A1A}.Debug|Any CPU.Build.0 = Debug|Any CPU
		{DC5FE502-87FC-49D4-AA16-77FAA0BA8A1A}.Release|Any CPU.ActiveCfg = Release|Any CPU
		{DC5FE502-87FC-49D4-AA16-77FAA0BA8A1A}.Release|Any CPU.Build.0 = Release|Any CPU
	EndGlobalSection
	GlobalSection(SolutionProperties) = preSolution
		HideSolutionNode = FALSE
	EndGlobalSection
	GlobalSection(ExtensibilityGlobals) = postSolution
		SolutionGuid = {DEAA947C-3D1D-4A01-B092-D1BB1ADA9A09}
	EndGlobalSection
EndGlobal
